// !$*UTF8*$!
{
	archiveVersion = 1;
	classes = {
	};
	objectVersion = 46;
	objects = {

/* Begin PBXBuildFile section */
		330EF2361ED53B080090D9D6 /* main.m in Sources */ = {isa = PBXBuildFile; fileRef = 330EF2351ED53B080090D9D6 /* main.m */; };
		330EF2391ED53B080090D9D6 /* AppDelegate.m in Sources */ = {isa = PBXBuildFile; fileRef = 330EF2381ED53B080090D9D6 /* AppDelegate.m */; };
		330EF23F1ED53B080090D9D6 /* Main.storyboard in Resources */ = {isa = PBXBuildFile; fileRef = 330EF23D1ED53B080090D9D6 /* Main.storyboard */; };
		330EF2411ED53B080090D9D6 /* Assets.xcassets in Resources */ = {isa = PBXBuildFile; fileRef = 330EF2401ED53B080090D9D6 /* Assets.xcassets */; };
		330EF2441ED53B080090D9D6 /* LaunchScreen.storyboard in Resources */ = {isa = PBXBuildFile; fileRef = 330EF2421ED53B080090D9D6 /* LaunchScreen.storyboard */; };
		330EF24F1ED53B090090D9D6 /* JRThemeKitTests.m in Sources */ = {isa = PBXBuildFile; fileRef = 330EF24E1ED53B090090D9D6 /* JRThemeKitTests.m */; };
		330EF25A1ED53B090090D9D6 /* JRThemeKitUITests.m in Sources */ = {isa = PBXBuildFile; fileRef = 330EF2591ED53B090090D9D6 /* JRThemeKitUITests.m */; };
		330EF28E1ED53B180090D9D6 /* JRColor.plist in Resources */ = {isa = PBXBuildFile; fileRef = 330EF2681ED53B180090D9D6 /* JRColor.plist */; };
		330EF28F1ED53B180090D9D6 /* JRThemeColorManager.m in Sources */ = {isa = PBXBuildFile; fileRef = 330EF26A1ED53B180090D9D6 /* JRThemeColorManager.m */; };
		330EF2901ED53B180090D9D6 /* JRThemeImageManager.m in Sources */ = {isa = PBXBuildFile; fileRef = 330EF26C1ED53B180090D9D6 /* JRThemeImageManager.m */; };
		330EF2911ED53B180090D9D6 /* JRThemeManager.m in Sources */ = {isa = PBXBuildFile; fileRef = 330EF26F1ED53B180090D9D6 /* JRThemeManager.m */; };
		330EF2921ED53B180090D9D6 /* NSObject+jr_theme.m in Sources */ = {isa = PBXBuildFile; fileRef = 330EF2711ED53B180090D9D6 /* NSObject+jr_theme.m */; };
		330EF2931ED53B180090D9D6 /* JRThemeBlockExecutor.m in Sources */ = {isa = PBXBuildFile; fileRef = 330EF2741ED53B180090D9D6 /* JRThemeBlockExecutor.m */; };
		330EF2941ED53B180090D9D6 /* UIBarButtonItem+jr_theme.m in Sources */ = {isa = PBXBuildFile; fileRef = 330EF2781ED53B180090D9D6 /* UIBarButtonItem+jr_theme.m */; };
		330EF2951ED53B180090D9D6 /* UILabel+jr_theme.m in Sources */ = {isa = PBXBuildFile; fileRef = 330EF27A1ED53B180090D9D6 /* UILabel+jr_theme.m */; };
		330EF2961ED53B180090D9D6 /* UINavigationBar+jr_theme.m in Sources */ = {isa = PBXBuildFile; fileRef = 330EF27C1ED53B180090D9D6 /* UINavigationBar+jr_theme.m */; };
		330EF2971ED53B180090D9D6 /* UITabBar+jr_theme.m in Sources */ = {isa = PBXBuildFile; fileRef = 330EF27E1ED53B180090D9D6 /* UITabBar+jr_theme.m */; };
		330EF2981ED53B180090D9D6 /* UITableView+jr_theme.m in Sources */ = {isa = PBXBuildFile; fileRef = 330EF2801ED53B180090D9D6 /* UITableView+jr_theme.m */; };
		330EF2991ED53B180090D9D6 /* UITextField+jr_theme.m in Sources */ = {isa = PBXBuildFile; fileRef = 330EF2821ED53B180090D9D6 /* UITextField+jr_theme.m */; };
		330EF29A1ED53B180090D9D6 /* UITextView+jr_theme.m in Sources */ = {isa = PBXBuildFile; fileRef = 330EF2841ED53B180090D9D6 /* UITextView+jr_theme.m */; };
		330EF29B1ED53B180090D9D6 /* UIToolbar+jr_theme.m in Sources */ = {isa = PBXBuildFile; fileRef = 330EF2861ED53B180090D9D6 /* UIToolbar+jr_theme.m */; };
		330EF29C1ED53B180090D9D6 /* UIView+jr_theme.m in Sources */ = {isa = PBXBuildFile; fileRef = 330EF2881ED53B180090D9D6 /* UIView+jr_theme.m */; };
		330EF29D1ED53B180090D9D6 /* UIButton+jr_theme.m in Sources */ = {isa = PBXBuildFile; fileRef = 330EF28B1ED53B180090D9D6 /* UIButton+jr_theme.m */; };
		330EF29E1ED53B180090D9D6 /* UIImageView+jr_theme.m in Sources */ = {isa = PBXBuildFile; fileRef = 330EF28D1ED53B180090D9D6 /* UIImageView+jr_theme.m */; };
		330EF2A31ED53C320090D9D6 /* JRBaseNavController.m in Sources */ = {isa = PBXBuildFile; fileRef = 330EF2A01ED53C320090D9D6 /* JRBaseNavController.m */; };
		330EF2A41ED53C320090D9D6 /* JRBaseTabBarController.m in Sources */ = {isa = PBXBuildFile; fileRef = 330EF2A21ED53C320090D9D6 /* JRBaseTabBarController.m */; };
		330EF2A71ED53CC70090D9D6 /* JRTableViewController.m in Sources */ = {isa = PBXBuildFile; fileRef = 330EF2A61ED53CC70090D9D6 /* JRTableViewController.m */; };
		330EF2AB1ED546C10090D9D6 /* TableViewCell.m in Sources */ = {isa = PBXBuildFile; fileRef = 330EF2A91ED546C10090D9D6 /* TableViewCell.m */; };
		330EF2AC1ED546C10090D9D6 /* TableViewCell.xib in Resources */ = {isa = PBXBuildFile; fileRef = 330EF2AA1ED546C10090D9D6 /* TableViewCell.xib */; };
/* End PBXBuildFile section */

/* Begin PBXContainerItemProxy section */
		330EF24B1ED53B090090D9D6 /* PBXContainerItemProxy */ = {
			isa = PBXContainerItemProxy;
			containerPortal = 330EF2291ED53B080090D9D6 /* Project object */;
			proxyType = 1;
			remoteGlobalIDString = 330EF2301ED53B080090D9D6;
			remoteInfo = JRThemeKit;
		};
		330EF2561ED53B090090D9D6 /* PBXContainerItemProxy */ = {
			isa = PBXContainerItemProxy;
			containerPortal = 330EF2291ED53B080090D9D6 /* Project object */;
			proxyType = 1;
			remoteGlobalIDString = 330EF2301ED53B080090D9D6;
			remoteInfo = JRThemeKit;
		};
/* End PBXContainerItemProxy section */

/* Begin PBXFileReference section */
		330EF2311ED53B080090D9D6 /* JRThemeKit.app */ = {isa = PBXFileReference; explicitFileType = wrapper.application; includeInIndex = 0; path = JRThemeKit.app; sourceTree = BUILT_PRODUCTS_DIR; };
		330EF2351ED53B080090D9D6 /* main.m */ = {isa = PBXFileReference; lastKnownFileType = sourcecode.c.objc; path = main.m; sourceTree = "<group>"; };
		330EF2371ED53B080090D9D6 /* AppDelegate.h */ = {isa = PBXFileReference; lastKnownFileType = sourcecode.c.h; path = AppDelegate.h; sourceTree = "<group>"; };
		330EF2381ED53B080090D9D6 /* AppDelegate.m */ = {isa = PBXFileReference; lastKnownFileType = sourcecode.c.objc; path = AppDelegate.m; sourceTree = "<group>"; };
		330EF23E1ED53B080090D9D6 /* Base */ = {isa = PBXFileReference; lastKnownFileType = file.storyboard; name = Base; path = Base.lproj/Main.storyboard; sourceTree = "<group>"; };
		330EF2401ED53B080090D9D6 /* Assets.xcassets */ = {isa = PBXFileReference; lastKnownFileType = folder.assetcatalog; path = Assets.xcassets; sourceTree = "<group>"; };
		330EF2431ED53B080090D9D6 /* Base */ = {isa = PBXFileReference; lastKnownFileType = file.storyboard; name = Base; path = Base.lproj/LaunchScreen.storyboard; sourceTree = "<group>"; };
		330EF2451ED53B080090D9D6 /* Info.plist */ = {isa = PBXFileReference; lastKnownFileType = text.plist.xml; path = Info.plist; sourceTree = "<group>"; };
		330EF24A1ED53B080090D9D6 /* JRThemeKitTests.xctest */ = {isa = PBXFileReference; explicitFileType = wrapper.cfbundle; includeInIndex = 0; path = JRThemeKitTests.xctest; sourceTree = BUILT_PRODUCTS_DIR; };
		330EF24E1ED53B090090D9D6 /* JRThemeKitTests.m */ = {isa = PBXFileReference; lastKnownFileType = sourcecode.c.objc; path = JRThemeKitTests.m; sourceTree = "<group>"; };
		330EF2501ED53B090090D9D6 /* Info.plist */ = {isa = PBXFileReference; lastKnownFileType = text.plist.xml; path = Info.plist; sourceTree = "<group>"; };
		330EF2551ED53B090090D9D6 /* JRThemeKitUITests.xctest */ = {isa = PBXFileReference; explicitFileType = wrapper.cfbundle; includeInIndex = 0; path = JRThemeKitUITests.xctest; sourceTree = BUILT_PRODUCTS_DIR; };
		330EF2591ED53B090090D9D6 /* JRThemeKitUITests.m */ = {isa = PBXFileReference; lastKnownFileType = sourcecode.c.objc; path = JRThemeKitUITests.m; sourceTree = "<group>"; };
		330EF25B1ED53B090090D9D6 /* Info.plist */ = {isa = PBXFileReference; lastKnownFileType = text.plist.xml; path = Info.plist; sourceTree = "<group>"; };
		330EF2681ED53B180090D9D6 /* JRColor.plist */ = {isa = PBXFileReference; fileEncoding = 4; lastKnownFileType = text.plist.xml; path = JRColor.plist; sourceTree = "<group>"; };
		330EF2691ED53B180090D9D6 /* JRThemeColorManager.h */ = {isa = PBXFileReference; fileEncoding = 4; lastKnownFileType = sourcecode.c.h; path = JRThemeColorManager.h; sourceTree = "<group>"; };
		330EF26A1ED53B180090D9D6 /* JRThemeColorManager.m */ = {isa = PBXFileReference; fileEncoding = 4; lastKnownFileType = sourcecode.c.objc; path = JRThemeColorManager.m; sourceTree = "<group>"; };
		330EF26B1ED53B180090D9D6 /* JRThemeImageManager.h */ = {isa = PBXFileReference; fileEncoding = 4; lastKnownFileType = sourcecode.c.h; path = JRThemeImageManager.h; sourceTree = "<group>"; };
		330EF26C1ED53B180090D9D6 /* JRThemeImageManager.m */ = {isa = PBXFileReference; fileEncoding = 4; lastKnownFileType = sourcecode.c.objc; path = JRThemeImageManager.m; sourceTree = "<group>"; };
		330EF26D1ED53B180090D9D6 /* JRThemeKit.h */ = {isa = PBXFileReference; fileEncoding = 4; lastKnownFileType = sourcecode.c.h; path = JRThemeKit.h; sourceTree = "<group>"; };
		330EF26E1ED53B180090D9D6 /* JRThemeManager.h */ = {isa = PBXFileReference; fileEncoding = 4; lastKnownFileType = sourcecode.c.h; path = JRThemeManager.h; sourceTree = "<group>"; };
		330EF26F1ED53B180090D9D6 /* JRThemeManager.m */ = {isa = PBXFileReference; fileEncoding = 4; lastKnownFileType = sourcecode.c.objc; path = JRThemeManager.m; sourceTree = "<group>"; };
		330EF2701ED53B180090D9D6 /* NSObject+jr_theme.h */ = {isa = PBXFileReference; fileEncoding = 4; lastKnownFileType = sourcecode.c.h; path = "NSObject+jr_theme.h"; sourceTree = "<group>"; };
		330EF2711ED53B180090D9D6 /* NSObject+jr_theme.m */ = {isa = PBXFileReference; fileEncoding = 4; lastKnownFileType = sourcecode.c.objc; path = "NSObject+jr_theme.m"; sourceTree = "<group>"; };
		330EF2731ED53B180090D9D6 /* JRThemeBlockExecutor.h */ = {isa = PBXFileReference; fileEncoding = 4; lastKnownFileType = sourcecode.c.h; path = JRThemeBlockExecutor.h; sourceTree = "<group>"; };
		330EF2741ED53B180090D9D6 /* JRThemeBlockExecutor.m */ = {isa = PBXFileReference; fileEncoding = 4; lastKnownFileType = sourcecode.c.objc; path = JRThemeBlockExecutor.m; sourceTree = "<group>"; };
		330EF2771ED53B180090D9D6 /* UIBarButtonItem+jr_theme.h */ = {isa = PBXFileReference; fileEncoding = 4; lastKnownFileType = sourcecode.c.h; path = "UIBarButtonItem+jr_theme.h"; sourceTree = "<group>"; };
		330EF2781ED53B180090D9D6 /* UIBarButtonItem+jr_theme.m */ = {isa = PBXFileReference; fileEncoding = 4; lastKnownFileType = sourcecode.c.objc; path = "UIBarButtonItem+jr_theme.m"; sourceTree = "<group>"; };
		330EF2791ED53B180090D9D6 /* UILabel+jr_theme.h */ = {isa = PBXFileReference; fileEncoding = 4; lastKnownFileType = sourcecode.c.h; path = "UILabel+jr_theme.h"; sourceTree = "<group>"; };
		330EF27A1ED53B180090D9D6 /* UILabel+jr_theme.m */ = {isa = PBXFileReference; fileEncoding = 4; lastKnownFileType = sourcecode.c.objc; path = "UILabel+jr_theme.m"; sourceTree = "<group>"; };
		330EF27B1ED53B180090D9D6 /* UINavigationBar+jr_theme.h */ = {isa = PBXFileReference; fileEncoding = 4; lastKnownFileType = sourcecode.c.h; path = "UINavigationBar+jr_theme.h"; sourceTree = "<group>"; };
		330EF27C1ED53B180090D9D6 /* UINavigationBar+jr_theme.m */ = {isa = PBXFileReference; fileEncoding = 4; lastKnownFileType = sourcecode.c.objc; path = "UINavigationBar+jr_theme.m"; sourceTree = "<group>"; };
		330EF27D1ED53B180090D9D6 /* UITabBar+jr_theme.h */ = {isa = PBXFileReference; fileEncoding = 4; lastKnownFileType = sourcecode.c.h; path = "UITabBar+jr_theme.h"; sourceTree = "<group>"; };
		330EF27E1ED53B180090D9D6 /* UITabBar+jr_theme.m */ = {isa = PBXFileReference; fileEncoding = 4; lastKnownFileType = sourcecode.c.objc; path = "UITabBar+jr_theme.m"; sourceTree = "<group>"; };
		330EF27F1ED53B180090D9D6 /* UITableView+jr_theme.h */ = {isa = PBXFileReference; fileEncoding = 4; lastKnownFileType = sourcecode.c.h; path = "UITableView+jr_theme.h"; sourceTree = "<group>"; };
		330EF2801ED53B180090D9D6 /* UITableView+jr_theme.m */ = {isa = PBXFileReference; fileEncoding = 4; lastKnownFileType = sourcecode.c.objc; path = "UITableView+jr_theme.m"; sourceTree = "<group>"; };
		330EF2811ED53B180090D9D6 /* UITextField+jr_theme.h */ = {isa = PBXFileReference; fileEncoding = 4; lastKnownFileType = sourcecode.c.h; path = "UITextField+jr_theme.h"; sourceTree = "<group>"; };
		330EF2821ED53B180090D9D6 /* UITextField+jr_theme.m */ = {isa = PBXFileReference; fileEncoding = 4; lastKnownFileType = sourcecode.c.objc; path = "UITextField+jr_theme.m"; sourceTree = "<group>"; };
		330EF2831ED53B180090D9D6 /* UITextView+jr_theme.h */ = {isa = PBXFileReference; fileEncoding = 4; lastKnownFileType = sourcecode.c.h; path = "UITextView+jr_theme.h"; sourceTree = "<group>"; };
		330EF2841ED53B180090D9D6 /* UITextView+jr_theme.m */ = {isa = PBXFileReference; fileEncoding = 4; lastKnownFileType = sourcecode.c.objc; path = "UITextView+jr_theme.m"; sourceTree = "<group>"; };
		330EF2851ED53B180090D9D6 /* UIToolbar+jr_theme.h */ = {isa = PBXFileReference; fileEncoding = 4; lastKnownFileType = sourcecode.c.h; path = "UIToolbar+jr_theme.h"; sourceTree = "<group>"; };
		330EF2861ED53B180090D9D6 /* UIToolbar+jr_theme.m */ = {isa = PBXFileReference; fileEncoding = 4; lastKnownFileType = sourcecode.c.objc; path = "UIToolbar+jr_theme.m"; sourceTree = "<group>"; };
		330EF2871ED53B180090D9D6 /* UIView+jr_theme.h */ = {isa = PBXFileReference; fileEncoding = 4; lastKnownFileType = sourcecode.c.h; path = "UIView+jr_theme.h"; sourceTree = "<group>"; };
		330EF2881ED53B180090D9D6 /* UIView+jr_theme.m */ = {isa = PBXFileReference; fileEncoding = 4; lastKnownFileType = sourcecode.c.objc; path = "UIView+jr_theme.m"; sourceTree = "<group>"; };
		330EF28A1ED53B180090D9D6 /* UIButton+jr_theme.h */ = {isa = PBXFileReference; fileEncoding = 4; lastKnownFileType = sourcecode.c.h; path = "UIButton+jr_theme.h"; sourceTree = "<group>"; };
		330EF28B1ED53B180090D9D6 /* UIButton+jr_theme.m */ = {isa = PBXFileReference; fileEncoding = 4; lastKnownFileType = sourcecode.c.objc; path = "UIButton+jr_theme.m"; sourceTree = "<group>"; };
		330EF28C1ED53B180090D9D6 /* UIImageView+jr_theme.h */ = {isa = PBXFileReference; fileEncoding = 4; lastKnownFileType = sourcecode.c.h; path = "UIImageView+jr_theme.h"; sourceTree = "<group>"; };
		330EF28D1ED53B180090D9D6 /* UIImageView+jr_theme.m */ = {isa = PBXFileReference; fileEncoding = 4; lastKnownFileType = sourcecode.c.objc; path = "UIImageView+jr_theme.m"; sourceTree = "<group>"; };
		330EF29F1ED53C320090D9D6 /* JRBaseNavController.h */ = {isa = PBXFileReference; fileEncoding = 4; lastKnownFileType = sourcecode.c.h; path = JRBaseNavController.h; sourceTree = "<group>"; };
		330EF2A01ED53C320090D9D6 /* JRBaseNavController.m */ = {isa = PBXFileReference; fileEncoding = 4; lastKnownFileType = sourcecode.c.objc; path = JRBaseNavController.m; sourceTree = "<group>"; };
		330EF2A11ED53C320090D9D6 /* JRBaseTabBarController.h */ = {isa = PBXFileReference; fileEncoding = 4; lastKnownFileType = sourcecode.c.h; path = JRBaseTabBarController.h; sourceTree = "<group>"; };
		330EF2A21ED53C320090D9D6 /* JRBaseTabBarController.m */ = {isa = PBXFileReference; fileEncoding = 4; lastKnownFileType = sourcecode.c.objc; path = JRBaseTabBarController.m; sourceTree = "<group>"; };
		330EF2A51ED53CC70090D9D6 /* JRTableViewController.h */ = {isa = PBXFileReference; fileEncoding = 4; lastKnownFileType = sourcecode.c.h; path = JRTableViewController.h; sourceTree = "<group>"; };
		330EF2A61ED53CC70090D9D6 /* JRTableViewController.m */ = {isa = PBXFileReference; fileEncoding = 4; lastKnownFileType = sourcecode.c.objc; path = JRTableViewController.m; sourceTree = "<group>"; };
		330EF2A81ED546C10090D9D6 /* TableViewCell.h */ = {isa = PBXFileReference; fileEncoding = 4; lastKnownFileType = sourcecode.c.h; path = TableViewCell.h; sourceTree = "<group>"; };
		330EF2A91ED546C10090D9D6 /* TableViewCell.m */ = {isa = PBXFileReference; fileEncoding = 4; lastKnownFileType = sourcecode.c.objc; path = TableViewCell.m; sourceTree = "<group>"; };
		330EF2AA1ED546C10090D9D6 /* TableViewCell.xib */ = {isa = PBXFileReference; fileEncoding = 4; lastKnownFileType = file.xib; path = TableViewCell.xib; sourceTree = "<group>"; };
/* End PBXFileReference section */

/* Begin PBXFrameworksBuildPhase section */
		330EF22E1ED53B080090D9D6 /* Frameworks */ = {
			isa = PBXFrameworksBuildPhase;
			buildActionMask = 2147483647;
			files = (
			);
			runOnlyForDeploymentPostprocessing = 0;
		};
		330EF2471ED53B080090D9D6 /* Frameworks */ = {
			isa = PBXFrameworksBuildPhase;
			buildActionMask = 2147483647;
			files = (
			);
			runOnlyForDeploymentPostprocessing = 0;
		};
		330EF2521ED53B090090D9D6 /* Frameworks */ = {
			isa = PBXFrameworksBuildPhase;
			buildActionMask = 2147483647;
			files = (
			);
			runOnlyForDeploymentPostprocessing = 0;
		};
/* End PBXFrameworksBuildPhase section */

/* Begin PBXGroup section */
		330EF2281ED53B080090D9D6 = {
			isa = PBXGroup;
			children = (
				330EF2331ED53B080090D9D6 /* JRThemeKit */,
				330EF24D1ED53B090090D9D6 /* JRThemeKitTests */,
				330EF2581ED53B090090D9D6 /* JRThemeKitUITests */,
				330EF2321ED53B080090D9D6 /* Products */,
			);
			sourceTree = "<group>";
		};
		330EF2321ED53B080090D9D6 /* Products */ = {
			isa = PBXGroup;
			children = (
				330EF2311ED53B080090D9D6 /* JRThemeKit.app */,
				330EF24A1ED53B080090D9D6 /* JRThemeKitTests.xctest */,
				330EF2551ED53B090090D9D6 /* JRThemeKitUITests.xctest */,
			);
			name = Products;
			sourceTree = "<group>";
		};
		330EF2331ED53B080090D9D6 /* JRThemeKit */ = {
			isa = PBXGroup;
			children = (
				330EF2671ED53B180090D9D6 /* JRThemeKit */,
				330EF2371ED53B080090D9D6 /* AppDelegate.h */,
				330EF2381ED53B080090D9D6 /* AppDelegate.m */,
				330EF29F1ED53C320090D9D6 /* JRBaseNavController.h */,
				330EF2A01ED53C320090D9D6 /* JRBaseNavController.m */,
				330EF2A11ED53C320090D9D6 /* JRBaseTabBarController.h */,
				330EF2A21ED53C320090D9D6 /* JRBaseTabBarController.m */,
				330EF2A51ED53CC70090D9D6 /* JRTableViewController.h */,
				330EF2A61ED53CC70090D9D6 /* JRTableViewController.m */,
				330EF2A81ED546C10090D9D6 /* TableViewCell.h */,
				330EF2A91ED546C10090D9D6 /* TableViewCell.m */,
				330EF2AA1ED546C10090D9D6 /* TableViewCell.xib */,
				330EF23D1ED53B080090D9D6 /* Main.storyboard */,
				330EF2401ED53B080090D9D6 /* Assets.xcassets */,
				330EF2421ED53B080090D9D6 /* LaunchScreen.storyboard */,
				330EF2451ED53B080090D9D6 /* Info.plist */,
				330EF2341ED53B080090D9D6 /* Supporting Files */,
			);
			path = JRThemeKit;
			sourceTree = "<group>";
		};
		330EF2341ED53B080090D9D6 /* Supporting Files */ = {
			isa = PBXGroup;
			children = (
				330EF2351ED53B080090D9D6 /* main.m */,
			);
			name = "Supporting Files";
			sourceTree = "<group>";
		};
		330EF24D1ED53B090090D9D6 /* JRThemeKitTests */ = {
			isa = PBXGroup;
			children = (
				330EF24E1ED53B090090D9D6 /* JRThemeKitTests.m */,
				330EF2501ED53B090090D9D6 /* Info.plist */,
			);
			path = JRThemeKitTests;
			sourceTree = "<group>";
		};
		330EF2581ED53B090090D9D6 /* JRThemeKitUITests */ = {
			isa = PBXGroup;
			children = (
				330EF2591ED53B090090D9D6 /* JRThemeKitUITests.m */,
				330EF25B1ED53B090090D9D6 /* Info.plist */,
			);
			path = JRThemeKitUITests;
			sourceTree = "<group>";
		};
		330EF2671ED53B180090D9D6 /* JRThemeKit */ = {
			isa = PBXGroup;
			children = (
				330EF2681ED53B180090D9D6 /* JRColor.plist */,
				330EF2691ED53B180090D9D6 /* JRThemeColorManager.h */,
				330EF26A1ED53B180090D9D6 /* JRThemeColorManager.m */,
				330EF26B1ED53B180090D9D6 /* JRThemeImageManager.h */,
				330EF26C1ED53B180090D9D6 /* JRThemeImageManager.m */,
				330EF26D1ED53B180090D9D6 /* JRThemeKit.h */,
				330EF26E1ED53B180090D9D6 /* JRThemeManager.h */,
				330EF26F1ED53B180090D9D6 /* JRThemeManager.m */,
				330EF2701ED53B180090D9D6 /* NSObject+jr_theme.h */,
				330EF2711ED53B180090D9D6 /* NSObject+jr_theme.m */,
				330EF2721ED53B180090D9D6 /* Tool */,
				330EF2751ED53B180090D9D6 /* UIKit_Category */,
			);
			path = JRThemeKit;
			sourceTree = "<group>";
		};
		330EF2721ED53B180090D9D6 /* Tool */ = {
			isa = PBXGroup;
			children = (
				330EF2731ED53B180090D9D6 /* JRThemeBlockExecutor.h */,
				330EF2741ED53B180090D9D6 /* JRThemeBlockExecutor.m */,
			);
			path = Tool;
			sourceTree = "<group>";
		};
		330EF2751ED53B180090D9D6 /* UIKit_Category */ = {
			isa = PBXGroup;
			children = (
				330EF2761ED53B180090D9D6 /* Normal */,
				330EF2891ED53B180090D9D6 /* Special */,
			);
			path = UIKit_Category;
			sourceTree = "<group>";
		};
		330EF2761ED53B180090D9D6 /* Normal */ = {
			isa = PBXGroup;
			children = (
				330EF2771ED53B180090D9D6 /* UIBarButtonItem+jr_theme.h */,
				330EF2781ED53B180090D9D6 /* UIBarButtonItem+jr_theme.m */,
				330EF2791ED53B180090D9D6 /* UILabel+jr_theme.h */,
				330EF27A1ED53B180090D9D6 /* UILabel+jr_theme.m */,
				330EF27B1ED53B180090D9D6 /* UINavigationBar+jr_theme.h */,
				330EF27C1ED53B180090D9D6 /* UINavigationBar+jr_theme.m */,
				330EF27D1ED53B180090D9D6 /* UITabBar+jr_theme.h */,
				330EF27E1ED53B180090D9D6 /* UITabBar+jr_theme.m */,
				330EF27F1ED53B180090D9D6 /* UITableView+jr_theme.h */,
				330EF2801ED53B180090D9D6 /* UITableView+jr_theme.m */,
				330EF2811ED53B180090D9D6 /* UITextField+jr_theme.h */,
				330EF2821ED53B180090D9D6 /* UITextField+jr_theme.m */,
				330EF2831ED53B180090D9D6 /* UITextView+jr_theme.h */,
				330EF2841ED53B180090D9D6 /* UITextView+jr_theme.m */,
				330EF2851ED53B180090D9D6 /* UIToolbar+jr_theme.h */,
				330EF2861ED53B180090D9D6 /* UIToolbar+jr_theme.m */,
				330EF2871ED53B180090D9D6 /* UIView+jr_theme.h */,
				330EF2881ED53B180090D9D6 /* UIView+jr_theme.m */,
			);
			path = Normal;
			sourceTree = "<group>";
		};
		330EF2891ED53B180090D9D6 /* Special */ = {
			isa = PBXGroup;
			children = (
				330EF28A1ED53B180090D9D6 /* UIButton+jr_theme.h */,
				330EF28B1ED53B180090D9D6 /* UIButton+jr_theme.m */,
				330EF28C1ED53B180090D9D6 /* UIImageView+jr_theme.h */,
				330EF28D1ED53B180090D9D6 /* UIImageView+jr_theme.m */,
			);
			path = Special;
			sourceTree = "<group>";
		};
/* End PBXGroup section */

/* Begin PBXNativeTarget section */
		330EF2301ED53B080090D9D6 /* JRThemeKit */ = {
			isa = PBXNativeTarget;
			buildConfigurationList = 330EF25E1ED53B090090D9D6 /* Build configuration list for PBXNativeTarget "JRThemeKit" */;
			buildPhases = (
				330EF22D1ED53B080090D9D6 /* Sources */,
				330EF22E1ED53B080090D9D6 /* Frameworks */,
				330EF22F1ED53B080090D9D6 /* Resources */,
			);
			buildRules = (
			);
			dependencies = (
			);
			name = JRThemeKit;
			productName = JRThemeKit;
			productReference = 330EF2311ED53B080090D9D6 /* JRThemeKit.app */;
			productType = "com.apple.product-type.application";
		};
		330EF2491ED53B080090D9D6 /* JRThemeKitTests */ = {
			isa = PBXNativeTarget;
			buildConfigurationList = 330EF2611ED53B090090D9D6 /* Build configuration list for PBXNativeTarget "JRThemeKitTests" */;
			buildPhases = (
				330EF2461ED53B080090D9D6 /* Sources */,
				330EF2471ED53B080090D9D6 /* Frameworks */,
				330EF2481ED53B080090D9D6 /* Resources */,
			);
			buildRules = (
			);
			dependencies = (
				330EF24C1ED53B090090D9D6 /* PBXTargetDependency */,
			);
			name = JRThemeKitTests;
			productName = JRThemeKitTests;
			productReference = 330EF24A1ED53B080090D9D6 /* JRThemeKitTests.xctest */;
			productType = "com.apple.product-type.bundle.unit-test";
		};
		330EF2541ED53B090090D9D6 /* JRThemeKitUITests */ = {
			isa = PBXNativeTarget;
			buildConfigurationList = 330EF2641ED53B090090D9D6 /* Build configuration list for PBXNativeTarget "JRThemeKitUITests" */;
			buildPhases = (
				330EF2511ED53B090090D9D6 /* Sources */,
				330EF2521ED53B090090D9D6 /* Frameworks */,
				330EF2531ED53B090090D9D6 /* Resources */,
			);
			buildRules = (
			);
			dependencies = (
				330EF2571ED53B090090D9D6 /* PBXTargetDependency */,
			);
			name = JRThemeKitUITests;
			productName = JRThemeKitUITests;
			productReference = 330EF2551ED53B090090D9D6 /* JRThemeKitUITests.xctest */;
			productType = "com.apple.product-type.bundle.ui-testing";
		};
/* End PBXNativeTarget section */

/* Begin PBXProject section */
		330EF2291ED53B080090D9D6 /* Project object */ = {
			isa = PBXProject;
			attributes = {
				LastUpgradeCheck = 0830;
				ORGANIZATIONNAME = sky;
				TargetAttributes = {
					330EF2301ED53B080090D9D6 = {
						CreatedOnToolsVersion = 8.3.1;
						DevelopmentTeam = 5E5DYGDNY2;
						ProvisioningStyle = Automatic;
					};
					330EF2491ED53B080090D9D6 = {
						CreatedOnToolsVersion = 8.3.1;
						DevelopmentTeam = 5E5DYGDNY2;
						ProvisioningStyle = Automatic;
						TestTargetID = 330EF2301ED53B080090D9D6;
					};
					330EF2541ED53B090090D9D6 = {
						CreatedOnToolsVersion = 8.3.1;
						DevelopmentTeam = 5E5DYGDNY2;
						ProvisioningStyle = Automatic;
						TestTargetID = 330EF2301ED53B080090D9D6;
					};
				};
			};
			buildConfigurationList = 330EF22C1ED53B080090D9D6 /* Build configuration list for PBXProject "JRThemeKit" */;
			compatibilityVersion = "Xcode 3.2";
			developmentRegion = English;
			hasScannedForEncodings = 0;
			knownRegions = (
				en,
				Base,
			);
			mainGroup = 330EF2281ED53B080090D9D6;
			productRefGroup = 330EF2321ED53B080090D9D6 /* Products */;
			projectDirPath = "";
			projectRoot = "";
			targets = (
				330EF2301ED53B080090D9D6 /* JRThemeKit */,
				330EF2491ED53B080090D9D6 /* JRThemeKitTests */,
				330EF2541ED53B090090D9D6 /* JRThemeKitUITests */,
			);
		};
/* End PBXProject section */

/* Begin PBXResourcesBuildPhase section */
		330EF22F1ED53B080090D9D6 /* Resources */ = {
			isa = PBXResourcesBuildPhase;
			buildActionMask = 2147483647;
			files = (
				330EF2441ED53B080090D9D6 /* LaunchScreen.storyboard in Resources */,
				330EF2AC1ED546C10090D9D6 /* TableViewCell.xib in Resources */,
				330EF2411ED53B080090D9D6 /* Assets.xcassets in Resources */,
				330EF28E1ED53B180090D9D6 /* JRColor.plist in Resources */,
				330EF23F1ED53B080090D9D6 /* Main.storyboard in Resources */,
			);
			runOnlyForDeploymentPostprocessing = 0;
		};
		330EF2481ED53B080090D9D6 /* Resources */ = {
			isa = PBXResourcesBuildPhase;
			buildActionMask = 2147483647;
			files = (
			);
			runOnlyForDeploymentPostprocessing = 0;
		};
		330EF2531ED53B090090D9D6 /* Resources */ = {
			isa = PBXResourcesBuildPhase;
			buildActionMask = 2147483647;
			files = (
			);
			runOnlyForDeploymentPostprocessing = 0;
		};
/* End PBXResourcesBuildPhase section */

/* Begin PBXSourcesBuildPhase section */
		330EF22D1ED53B080090D9D6 /* Sources */ = {
			isa = PBXSourcesBuildPhase;
			buildActionMask = 2147483647;
			files = (
				330EF2A71ED53CC70090D9D6 /* JRTableViewController.m in Sources */,
				330EF2901ED53B180090D9D6 /* JRThemeImageManager.m in Sources */,
				330EF2941ED53B180090D9D6 /* UIBarButtonItem+jr_theme.m in Sources */,
				330EF2A41ED53C320090D9D6 /* JRBaseTabBarController.m in Sources */,
				330EF2991ED53B180090D9D6 /* UITextField+jr_theme.m in Sources */,
				330EF2931ED53B180090D9D6 /* JRThemeBlockExecutor.m in Sources */,
				330EF29A1ED53B180090D9D6 /* UITextView+jr_theme.m in Sources */,
				330EF29E1ED53B180090D9D6 /* UIImageView+jr_theme.m in Sources */,
				330EF29C1ED53B180090D9D6 /* UIView+jr_theme.m in Sources */,
				330EF2AB1ED546C10090D9D6 /* TableViewCell.m in Sources */,
				330EF2951ED53B180090D9D6 /* UILabel+jr_theme.m in Sources */,
				330EF28F1ED53B180090D9D6 /* JRThemeColorManager.m in Sources */,
				330EF2A31ED53C320090D9D6 /* JRBaseNavController.m in Sources */,
				330EF29D1ED53B180090D9D6 /* UIButton+jr_theme.m in Sources */,
				330EF2391ED53B080090D9D6 /* AppDelegate.m in Sources */,
				330EF29B1ED53B180090D9D6 /* UIToolbar+jr_theme.m in Sources */,
				330EF2981ED53B180090D9D6 /* UITableView+jr_theme.m in Sources */,
				330EF2961ED53B180090D9D6 /* UINavigationBar+jr_theme.m in Sources */,
				330EF2361ED53B080090D9D6 /* main.m in Sources */,
				330EF2971ED53B180090D9D6 /* UITabBar+jr_theme.m in Sources */,
				330EF2921ED53B180090D9D6 /* NSObject+jr_theme.m in Sources */,
				330EF2911ED53B180090D9D6 /* JRThemeManager.m in Sources */,
			);
			runOnlyForDeploymentPostprocessing = 0;
		};
		330EF2461ED53B080090D9D6 /* Sources */ = {
			isa = PBXSourcesBuildPhase;
			buildActionMask = 2147483647;
			files = (
				330EF24F1ED53B090090D9D6 /* JRThemeKitTests.m in Sources */,
			);
			runOnlyForDeploymentPostprocessing = 0;
		};
		330EF2511ED53B090090D9D6 /* Sources */ = {
			isa = PBXSourcesBuildPhase;
			buildActionMask = 2147483647;
			files = (
				330EF25A1ED53B090090D9D6 /* JRThemeKitUITests.m in Sources */,
			);
			runOnlyForDeploymentPostprocessing = 0;
		};
/* End PBXSourcesBuildPhase section */

/* Begin PBXTargetDependency section */
		330EF24C1ED53B090090D9D6 /* PBXTargetDependency */ = {
			isa = PBXTargetDependency;
			target = 330EF2301ED53B080090D9D6 /* JRThemeKit */;
			targetProxy = 330EF24B1ED53B090090D9D6 /* PBXContainerItemProxy */;
		};
		330EF2571ED53B090090D9D6 /* PBXTargetDependency */ = {
			isa = PBXTargetDependency;
			target = 330EF2301ED53B080090D9D6 /* JRThemeKit */;
			targetProxy = 330EF2561ED53B090090D9D6 /* PBXContainerItemProxy */;
		};
/* End PBXTargetDependency section */

/* Begin PBXVariantGroup section */
		330EF23D1ED53B080090D9D6 /* Main.storyboard */ = {
			isa = PBXVariantGroup;
			children = (
				330EF23E1ED53B080090D9D6 /* Base */,
			);
			name = Main.storyboard;
			sourceTree = "<group>";
		};
		330EF2421ED53B080090D9D6 /* LaunchScreen.storyboard */ = {
			isa = PBXVariantGroup;
			children = (
				330EF2431ED53B080090D9D6 /* Base */,
			);
			name = LaunchScreen.storyboard;
			sourceTree = "<group>";
		};
/* End PBXVariantGroup section */

/* Begin XCBuildConfiguration section */
		330EF25C1ED53B090090D9D6 /* Debug */ = {
			isa = XCBuildConfiguration;
			buildSettings = {
				ALWAYS_SEARCH_USER_PATHS = NO;
				CLANG_ANALYZER_NONNULL = YES;
				CLANG_ANALYZER_NUMBER_OBJECT_CONVERSION = YES_AGGRESSIVE;
				CLANG_CXX_LANGUAGE_STANDARD = "gnu++0x";
				CLANG_CXX_LIBRARY = "libc++";
				CLANG_ENABLE_MODULES = YES;
				CLANG_ENABLE_OBJC_ARC = YES;
				CLANG_WARN_BOOL_CONVERSION = YES;
				CLANG_WARN_CONSTANT_CONVERSION = YES;
				CLANG_WARN_DIRECT_OBJC_ISA_USAGE = YES_ERROR;
				CLANG_WARN_DOCUMENTATION_COMMENTS = YES;
				CLANG_WARN_EMPTY_BODY = YES;
				CLANG_WARN_ENUM_CONVERSION = YES;
				CLANG_WARN_INFINITE_RECURSION = YES;
				CLANG_WARN_INT_CONVERSION = YES;
				CLANG_WARN_OBJC_ROOT_CLASS = YES_ERROR;
				CLANG_WARN_SUSPICIOUS_MOVE = YES;
				CLANG_WARN_UNREACHABLE_CODE = YES;
				CLANG_WARN__DUPLICATE_METHOD_MATCH = YES;
				"CODE_SIGN_IDENTITY[sdk=iphoneos*]" = "iPhone Developer";
				COPY_PHASE_STRIP = NO;
				DEBUG_INFORMATION_FORMAT = dwarf;
				ENABLE_STRICT_OBJC_MSGSEND = YES;
				ENABLE_TESTABILITY = YES;
				GCC_C_LANGUAGE_STANDARD = gnu99;
				GCC_DYNAMIC_NO_PIC = NO;
				GCC_NO_COMMON_BLOCKS = YES;
				GCC_OPTIMIZATION_LEVEL = 0;
				GCC_PREPROCESSOR_DEFINITIONS = (
					"DEBUG=1",
					"$(inherited)",
				);
				GCC_WARN_64_TO_32_BIT_CONVERSION = YES;
				GCC_WARN_ABOUT_RETURN_TYPE = YES_ERROR;
				GCC_WARN_UNDECLARED_SELECTOR = YES;
				GCC_WARN_UNINITIALIZED_AUTOS = YES_AGGRESSIVE;
				GCC_WARN_UNUSED_FUNCTION = YES;
				GCC_WARN_UNUSED_VARIABLE = YES;
				IPHONEOS_DEPLOYMENT_TARGET = 10.3;
				MTL_ENABLE_DEBUG_INFO = YES;
				ONLY_ACTIVE_ARCH = YES;
				SDKROOT = iphoneos;
			};
			name = Debug;
		};
		330EF25D1ED53B090090D9D6 /* Release */ = {
			isa = XCBuildConfiguration;
			buildSettings = {
				ALWAYS_SEARCH_USER_PATHS = NO;
				CLANG_ANALYZER_NONNULL = YES;
				CLANG_ANALYZER_NUMBER_OBJECT_CONVERSION = YES_AGGRESSIVE;
				CLANG_CXX_LANGUAGE_STANDARD = "gnu++0x";
				CLANG_CXX_LIBRARY = "libc++";
				CLANG_ENABLE_MODULES = YES;
				CLANG_ENABLE_OBJC_ARC = YES;
				CLANG_WARN_BOOL_CONVERSION = YES;
				CLANG_WARN_CONSTANT_CONVERSION = YES;
				CLANG_WARN_DIRECT_OBJC_ISA_USAGE = YES_ERROR;
				CLANG_WARN_DOCUMENTATION_COMMENTS = YES;
				CLANG_WARN_EMPTY_BODY = YES;
				CLANG_WARN_ENUM_CONVERSION = YES;
				CLANG_WARN_INFINITE_RECURSION = YES;
				CLANG_WARN_INT_CONVERSION = YES;
				CLANG_WARN_OBJC_ROOT_CLASS = YES_ERROR;
				CLANG_WARN_SUSPICIOUS_MOVE = YES;
				CLANG_WARN_UNREACHABLE_CODE = YES;
				CLANG_WARN__DUPLICATE_METHOD_MATCH = YES;
				"CODE_SIGN_IDENTITY[sdk=iphoneos*]" = "iPhone Developer";
				COPY_PHASE_STRIP = NO;
				DEBUG_INFORMATION_FORMAT = "dwarf-with-dsym";
				ENABLE_NS_ASSERTIONS = NO;
				ENABLE_STRICT_OBJC_MSGSEND = YES;
				GCC_C_LANGUAGE_STANDARD = gnu99;
				GCC_NO_COMMON_BLOCKS = YES;
				GCC_WARN_64_TO_32_BIT_CONVERSION = YES;
				GCC_WARN_ABOUT_RETURN_TYPE = YES_ERROR;
				GCC_WARN_UNDECLARED_SELECTOR = YES;
				GCC_WARN_UNINITIALIZED_AUTOS = YES_AGGRESSIVE;
				GCC_WARN_UNUSED_FUNCTION = YES;
				GCC_WARN_UNUSED_VARIABLE = YES;
				IPHONEOS_DEPLOYMENT_TARGET = 10.3;
				MTL_ENABLE_DEBUG_INFO = NO;
				SDKROOT = iphoneos;
				VALIDATE_PRODUCT = YES;
			};
			name = Release;
		};
		330EF25F1ED53B090090D9D6 /* Debug */ = {
			isa = XCBuildConfiguration;
			buildSettings = {
				ASSETCATALOG_COMPILER_APPICON_NAME = AppIcon;
				DEVELOPMENT_TEAM = 5E5DYGDNY2;
				INFOPLIST_FILE = JRThemeKit/Info.plist;
				LD_RUNPATH_SEARCH_PATHS = "$(inherited) @executable_path/Frameworks";
				PRODUCT_BUNDLE_IDENTIFIER = com.sky.JRThemeKit;
				PRODUCT_NAME = "$(TARGET_NAME)";
			};
			name = Debug;
		};
		330EF2601ED53B090090D9D6 /* Release */ = {
			isa = XCBuildConfiguration;
			buildSettings = {
				ASSETCATALOG_COMPILER_APPICON_NAME = AppIcon;
				DEVELOPMENT_TEAM = 5E5DYGDNY2;
				INFOPLIST_FILE = JRThemeKit/Info.plist;
				LD_RUNPATH_SEARCH_PATHS = "$(inherited) @executable_path/Frameworks";
				PRODUCT_BUNDLE_IDENTIFIER = com.sky.JRThemeKit;
				PRODUCT_NAME = "$(TARGET_NAME)";
			};
			name = Release;
		};
		330EF2621ED53B090090D9D6 /* Debug */ = {
			isa = XCBuildConfiguration;
			buildSettings = {
				BUNDLE_LOADER = "$(TEST_HOST)";
				DEVELOPMENT_TEAM = 5E5DYGDNY2;
				INFOPLIST_FILE = JRThemeKitTests/Info.plist;
				LD_RUNPATH_SEARCH_PATHS = "$(inherited) @executable_path/Frameworks @loader_path/Frameworks";
				PRODUCT_BUNDLE_IDENTIFIER = com.sky.JRThemeKitTests;
				PRODUCT_NAME = "$(TARGET_NAME)";
				TEST_HOST = "$(BUILT_PRODUCTS_DIR)/JRThemeKit.app/JRThemeKit";
			};
			name = Debug;
		};
		330EF2631ED53B090090D9D6 /* Release */ = {
			isa = XCBuildConfiguration;
			buildSettings = {
				BUNDLE_LOADER = "$(TEST_HOST)";
				DEVELOPMENT_TEAM = 5E5DYGDNY2;
				INFOPLIST_FILE = JRThemeKitTests/Info.plist;
				LD_RUNPATH_SEARCH_PATHS = "$(inherited) @executable_path/Frameworks @loader_path/Frameworks";
				PRODUCT_BUNDLE_IDENTIFIER = com.sky.JRThemeKitTests;
				PRODUCT_NAME = "$(TARGET_NAME)";
				TEST_HOST = "$(BUILT_PRODUCTS_DIR)/JRThemeKit.app/JRThemeKit";
			};
			name = Release;
		};
		330EF2651ED53B090090D9D6 /* Debug */ = {
			isa = XCBuildConfiguration;
			buildSettings = {
				DEVELOPMENT_TEAM = 5E5DYGDNY2;
				INFOPLIST_FILE = JRThemeKitUITests/Info.plist;
				LD_RUNPATH_SEARCH_PATHS = "$(inherited) @executable_path/Frameworks @loader_path/Frameworks";
				PRODUCT_BUNDLE_IDENTIFIER = com.sky.JRThemeKitUITests;
				PRODUCT_NAME = "$(TARGET_NAME)";
				TEST_TARGET_NAME = JRThemeKit;
			};
			name = Debug;
		};
		330EF2661ED53B090090D9D6 /* Release */ = {
			isa = XCBuildConfiguration;
			buildSettings = {
				DEVELOPMENT_TEAM = 5E5DYGDNY2;
				INFOPLIST_FILE = JRThemeKitUITests/Info.plist;
				LD_RUNPATH_SEARCH_PATHS = "$(inherited) @executable_path/Frameworks @loader_path/Frameworks";
				PRODUCT_BUNDLE_IDENTIFIER = com.sky.JRThemeKitUITests;
				PRODUCT_NAME = "$(TARGET_NAME)";
				TEST_TARGET_NAME = JRThemeKit;
			};
			name = Release;
		};
/* End XCBuildConfiguration section */

/* Begin XCConfigurationList section */
		330EF22C1ED53B080090D9D6 /* Build configuration list for PBXProject "JRThemeKit" */ = {
			isa = XCConfigurationList;
			buildConfigurations = (
				330EF25C1ED53B090090D9D6 /* Debug */,
				330EF25D1ED53B090090D9D6 /* Release */,
			);
			defaultConfigurationIsVisible = 0;
			defaultConfigurationName = Release;
		};
		330EF25E1ED53B090090D9D6 /* Build configuration list for PBXNativeTarget "JRThemeKit" */ = {
			isa = XCConfigurationList;
			buildConfigurations = (
				330EF25F1ED53B090090D9D6 /* Debug */,
				330EF2601ED53B090090D9D6 /* Release */,
			);
			defaultConfigurationIsVisible = 0;
			defaultConfigurationName = Release;
		};
		330EF2611ED53B090090D9D6 /* Build configuration list for PBXNativeTarget "JRThemeKitTests" */ = {
			isa = XCConfigurationList;
			buildConfigurations = (
				330EF2621ED53B090090D9D6 /* Debug */,
				330EF2631ED53B090090D9D6 /* Release */,
			);
			defaultConfigurationIsVisible = 0;
			defaultConfigurationName = Release;
		};
		330EF2641ED53B090090D9D6 /* Build configuration list for PBXNativeTarget "JRThemeKitUITests" */ = {
			isa = XCConfigurationList;
			buildConfigurations = (
				330EF2651ED53B090090D9D6 /* Debug */,
				330EF2661ED53B090090D9D6 /* Release */,
			);
			defaultConfigurationIsVisible = 0;
			defaultConfigurationName = Release;
		};
/* End XCConfigurationList section */
	};
	rootObject = 330EF2291ED53B080090D9D6 /* Project object */;
}
